
Microsoft Visual Studio Solution File, Format Version 12.00
# Visual Studio Version 17
VisualStudioVersion = 17.9.34728.123
MinimumVisualStudioVersion = 10.0.40219.1
Project("{FAE04EC0-301F-11D3-BF4B-00C04F79EFBC}") = "GuestBook", "GuestBook\GuestBook.csproj", "{1B4D5891-CBFD-44AB-B357-A9AE29DC0EB2}"
EndProject
Project("{FAE04EC0-301F-11D3-BF4B-00C04F79EFBC}") = "GuestLibrary", "GuestLibrary\GuestLibrary.csproj", "{5C452520-5223-4DFE-8EE5-C48D8F5CD062}"
EndProject
Global
	GlobalSection(SolutionConfigurationPlatforms) = preSolution
		Debug|Any CPU = Debug|Any CPU
		Release|Any CPU = Release|Any CPU
	EndGlobalSection
	GlobalSection(ProjectConfigurationPlatforms) = postSolution
		{1B4D5891-CBFD-44AB-B357-A9AE29DC0EB2}.Debug|Any CPU.ActiveCfg = Debug|Any CPU
		{1B4D5891-CBFD-44AB-B357-A9AE29DC0EB2}.Debug|Any CPU.Build.0 = Debug|Any CPU
		{1B4D5891-CBFD-44AB-B357-A9AE29DC0EB2}.Release|Any CPU.ActiveCfg = Release|Any CPU
		{1B4D5891-CBFD-44AB-B357-A9AE29DC0EB2}.Release|Any CPU.Build.0 = Release|Any CPU
		{5C452520-5223-4DFE-8EE5-C48D8F5CD062}.Debug|Any CPU.ActiveCfg = Debug|Any CPU
		{5C452520-5223-4DFE-8EE5-C48D8F5CD062}.Debug|Any CPU.Build.0 = Debug|Any CPU
		{5C452520-5223-4DFE-8EE5-C48D8F5CD062}.Release|Any CPU.ActiveCfg = Release|Any CPU
		{5C452520-5223-4DFE-8EE5-C48D8F5CD062}.Release|Any CPU.Build.0 = Release|Any CPU
	EndGlobalSection
	GlobalSection(SolutionProperties) = preSolution
		HideSolutionNode = FALSE
	EndGlobalSection
	GlobalSection(ExtensibilityGlobals) = postSolution
		SolutionGuid = {E6E8827A-6ADB-45C6-B98C-F94568DC03B6}
	EndGlobalSection
EndGlobal
